
Microsoft Visual Studio Solution File, Format Version 12.00
# Visual Studio Version 16
VisualStudioVersion = 16.0.30517.126
MinimumVisualStudioVersion = 10.0.40219.1
Project("{FAE04EC0-301F-11D3-BF4B-00C04F79EFBC}") = "MyLibraryTest", "MyLibraryTest\MyLibraryTest.csproj", "{E1E12BEE-6C49-4611-B0C1-80FE3941FC55}"
EndProject
Project("{FAE04EC0-301F-11D3-BF4B-00C04F79EFBC}") = "MyLibraryTest.Unittest", "MyLibraryTest.Unittest\MyLibraryTest.Unittest.csproj", "{EE997DCD-A9E1-4CC2-8735-79EDA3D09DEB}"
EndProject
Global
	GlobalSection(SolutionConfigurationPlatforms) = preSolution
		Debug|Any CPU = Debug|Any CPU
		Release|Any CPU = Release|Any CPU
	EndGlobalSection
	GlobalSection(ProjectConfigurationPlatforms) = postSolution
		{E1E12BEE-6C49-4611-B0C1-80FE3941FC55}.Debug|Any CPU.ActiveCfg = Debug|Any CPU
		{E1E12BEE-6C49-4611-B0C1-80FE3941FC55}.Debug|Any CPU.Build.0 = Debug|Any CPU
		{E1E12BEE-6C49-4611-B0C1-80FE3941FC55}.Release|Any CPU.ActiveCfg = Release|Any CPU
		{E1E12BEE-6C49-4611-B0C1-80FE3941FC55}.Release|Any CPU.Build.0 = Release|Any CPU
		{EE997DCD-A9E1-4CC2-8735-79EDA3D09DEB}.Debug|Any CPU.ActiveCfg = Debug|Any CPU
		{EE997DCD-A9E1-4CC2-8735-79EDA3D09DEB}.Debug|Any CPU.Build.0 = Debug|Any CPU
		{EE997DCD-A9E1-4CC2-8735-79EDA3D09DEB}.Release|Any CPU.ActiveCfg = Release|Any CPU
		{EE997DCD-A9E1-4CC2-8735-79EDA3D09DEB}.Release|Any CPU.Build.0 = Release|Any CPU
	EndGlobalSection
	GlobalSection(SolutionProperties) = preSolution
		HideSolutionNode = FALSE
	EndGlobalSection
	GlobalSection(ExtensibilityGlobals) = postSolution
		SolutionGuid = {95103E8F-723D-4914-97E5-7E63482EAB1F}
	EndGlobalSection
EndGlobal
